// !$*UTF8*$!
{
	archiveVersion = 1;
	classes = {
	};
	objectVersion = 45;
	objects = {

/* Begin PBXBuildFile section */
		8DC2EF530486A6940098B216 /* InfoPlist.strings in Resources */ = {isa = PBXBuildFile; fileRef = 089C1666FE841158C02AAC07 /* InfoPlist.strings */; };
		8DC2EF570486A6940098B216 /* Cocoa.framework in Frameworks */ = {isa = PBXBuildFile; fileRef = 1058C7B1FEA5585E11CA2CBB /* Cocoa.framework */; };
		F76365E712206DCC00DB6ADC /* TestContainerDescription.plist in Resources */ = {isa = PBXBuildFile; fileRef = F76365E612206DCC00DB6ADC /* TestContainerDescription.plist */; };
		F76365EC12206E2200DB6ADC /* TestServiceParser.m in Sources */ = {isa = PBXBuildFile; fileRef = F76365EB12206E2200DB6ADC /* TestServiceParser.m */; };
		F76365F312206FE600DB6ADC /* RLServiceParser.m in Sources */ = {isa = PBXBuildFile; fileRef = F76365F212206FE600DB6ADC /* RLServiceParser.m */; };
		F76365F412206FE600DB6ADC /* RLServiceParser.h in Headers */ = {isa = PBXBuildFile; fileRef = F76365F112206FE600DB6ADC /* RLServiceParser.h */; };
		F76365F512206FE600DB6ADC /* RLServiceParser.m in Sources */ = {isa = PBXBuildFile; fileRef = F76365F212206FE600DB6ADC /* RLServiceParser.m */; };
		F767140712201AC6004C816B /* IntegrationTest.m in Sources */ = {isa = PBXBuildFile; fileRef = F767140612201AC6004C816B /* IntegrationTest.m */; };
		F767141B12201B56004C816B /* Reliance.h in Headers */ = {isa = PBXBuildFile; fileRef = F767141A12201B56004C816B /* Reliance.h */; };
		F767143312201D35004C816B /* PlaceFinder.m in Sources */ = {isa = PBXBuildFile; fileRef = F767143212201D35004C816B /* PlaceFinder.m */; };
		F767143612201D85004C816B /* DataContext.m in Sources */ = {isa = PBXBuildFile; fileRef = F767143512201D85004C816B /* DataContext.m */; };
		F767143912201D96004C816B /* SqlTransport.m in Sources */ = {isa = PBXBuildFile; fileRef = F767143812201D96004C816B /* SqlTransport.m */; };
		F767143C12201DC4004C816B /* ConfigurationStore.m in Sources */ = {isa = PBXBuildFile; fileRef = F767143B12201DC4004C816B /* ConfigurationStore.m */; };
		F7E2D094121AE549006AA06C /* TestContainer.m in Sources */ = {isa = PBXBuildFile; fileRef = F7E2D07D121AE3F6006AA06C /* TestContainer.m */; };
		F7E2D09F121AF5F5006AA06C /* RLContainer.h in Headers */ = {isa = PBXBuildFile; fileRef = F7E2D09D121AF5F5006AA06C /* RLContainer.h */; };
		F7E2D0A0121AF5F5006AA06C /* RLContainer.m in Sources */ = {isa = PBXBuildFile; fileRef = F7E2D09E121AF5F5006AA06C /* RLContainer.m */; };
		F7E2D0A5121AF656006AA06C /* RLContainer.m in Sources */ = {isa = PBXBuildFile; fileRef = F7E2D09E121AF5F5006AA06C /* RLContainer.m */; };
		F7E2D0AC121AF69A006AA06C /* TestServiceDescription.m in Sources */ = {isa = PBXBuildFile; fileRef = F7E2D0AB121AF69A006AA06C /* TestServiceDescription.m */; };
		F7E2D0D2121AF893006AA06C /* RLServiceDescription.m in Sources */ = {isa = PBXBuildFile; fileRef = F7E2D0D1121AF893006AA06C /* RLServiceDescription.m */; };
		F7E2D0D3121AF893006AA06C /* RLServiceDescription.h in Headers */ = {isa = PBXBuildFile; fileRef = F7E2D0D0121AF893006AA06C /* RLServiceDescription.h */; };
		F7E2D0D4121AF893006AA06C /* RLServiceDescription.m in Sources */ = {isa = PBXBuildFile; fileRef = F7E2D0D1121AF893006AA06C /* RLServiceDescription.m */; };
		F7E2D359121B2FDF006AA06C /* TestProvider.m in Sources */ = {isa = PBXBuildFile; fileRef = F7E2D358121B2FDF006AA06C /* TestProvider.m */; };
		F7E2D369121B311C006AA06C /* RLServiceProvider.m in Sources */ = {isa = PBXBuildFile; fileRef = F7E2D368121B311C006AA06C /* RLServiceProvider.m */; };
		F7E2D36A121B311C006AA06C /* RLServiceProvider.h in Headers */ = {isa = PBXBuildFile; fileRef = F7E2D367121B311C006AA06C /* RLServiceProvider.h */; };
		F7E2D36B121B311C006AA06C /* RLServiceProvider.m in Sources */ = {isa = PBXBuildFile; fileRef = F7E2D368121B311C006AA06C /* RLServiceProvider.m */; };
		F7E2D3D8121B4133006AA06C /* TestServiceProvider.m in Sources */ = {isa = PBXBuildFile; fileRef = F7E2D3D7121B4133006AA06C /* TestServiceProvider.m */; };
		F7F55B1D12213952008CF5CA /* OCMock.framework in Frameworks */ = {isa = PBXBuildFile; fileRef = F7F55B1C12213952008CF5CA /* OCMock.framework */; };
/* End PBXBuildFile section */

/* Begin PBXFileReference section */
		0867D69BFE84028FC02AAC07 /* Foundation.framework */ = {isa = PBXFileReference; lastKnownFileType = wrapper.framework; name = Foundation.framework; path = /System/Library/Frameworks/Foundation.framework; sourceTree = "<absolute>"; };
		0867D6A5FE840307C02AAC07 /* AppKit.framework */ = {isa = PBXFileReference; lastKnownFileType = wrapper.framework; name = AppKit.framework; path = /System/Library/Frameworks/AppKit.framework; sourceTree = "<absolute>"; };
		089C1667FE841158C02AAC07 /* English */ = {isa = PBXFileReference; fileEncoding = 4; lastKnownFileType = text.plist.strings; name = English; path = English.lproj/InfoPlist.strings; sourceTree = "<group>"; };
		1058C7B1FEA5585E11CA2CBB /* Cocoa.framework */ = {isa = PBXFileReference; lastKnownFileType = wrapper.framework; name = Cocoa.framework; path = /System/Library/Frameworks/Cocoa.framework; sourceTree = "<absolute>"; };
		32DBCF5E0370ADEE00C91783 /* Reliance_Prefix.pch */ = {isa = PBXFileReference; fileEncoding = 4; lastKnownFileType = sourcecode.c.h; path = Reliance_Prefix.pch; sourceTree = "<group>"; };
		8DC2EF5A0486A6940098B216 /* Info.plist */ = {isa = PBXFileReference; fileEncoding = 4; lastKnownFileType = text.plist.xml; path = Info.plist; sourceTree = "<group>"; };
		8DC2EF5B0486A6940098B216 /* Reliance.framework */ = {isa = PBXFileReference; explicitFileType = wrapper.framework; includeInIndex = 0; path = Reliance.framework; sourceTree = BUILT_PRODUCTS_DIR; };
		D2F7E79907B2D74100F64583 /* CoreData.framework */ = {isa = PBXFileReference; lastKnownFileType = wrapper.framework; name = CoreData.framework; path = /System/Library/Frameworks/CoreData.framework; sourceTree = "<absolute>"; };
		F76365E612206DCC00DB6ADC /* TestContainerDescription.plist */ = {isa = PBXFileReference; fileEncoding = 4; lastKnownFileType = text.plist.xml; path = TestContainerDescription.plist; sourceTree = "<group>"; };
		F76365EB12206E2200DB6ADC /* TestServiceParser.m */ = {isa = PBXFileReference; fileEncoding = 4; lastKnownFileType = sourcecode.c.objc; path = TestServiceParser.m; sourceTree = "<group>"; };
		F76365F112206FE600DB6ADC /* RLServiceParser.h */ = {isa = PBXFileReference; fileEncoding = 4; lastKnownFileType = sourcecode.c.h; path = RLServiceParser.h; sourceTree = "<group>"; };
		F76365F212206FE600DB6ADC /* RLServiceParser.m */ = {isa = PBXFileReference; fileEncoding = 4; lastKnownFileType = sourcecode.c.objc; path = RLServiceParser.m; sourceTree = "<group>"; };
		F767140512201AC6004C816B /* IntegrationTest.h */ = {isa = PBXFileReference; fileEncoding = 4; lastKnownFileType = sourcecode.c.h; path = IntegrationTest.h; sourceTree = "<group>"; };
		F767140612201AC6004C816B /* IntegrationTest.m */ = {isa = PBXFileReference; fileEncoding = 4; lastKnownFileType = sourcecode.c.objc; path = IntegrationTest.m; sourceTree = "<group>"; };
		F767141A12201B56004C816B /* Reliance.h */ = {isa = PBXFileReference; fileEncoding = 4; lastKnownFileType = sourcecode.c.h; path = Reliance.h; sourceTree = "<group>"; };
		F767143112201D35004C816B /* PlaceFinder.h */ = {isa = PBXFileReference; fileEncoding = 4; lastKnownFileType = sourcecode.c.h; path = PlaceFinder.h; sourceTree = "<group>"; };
		F767143212201D35004C816B /* PlaceFinder.m */ = {isa = PBXFileReference; fileEncoding = 4; lastKnownFileType = sourcecode.c.objc; path = PlaceFinder.m; sourceTree = "<group>"; };
		F767143412201D85004C816B /* DataContext.h */ = {isa = PBXFileReference; fileEncoding = 4; lastKnownFileType = sourcecode.c.h; path = DataContext.h; sourceTree = "<group>"; };
		F767143512201D85004C816B /* DataContext.m */ = {isa = PBXFileReference; fileEncoding = 4; lastKnownFileType = sourcecode.c.objc; path = DataContext.m; sourceTree = "<group>"; };
		F767143712201D96004C816B /* SqlTransport.h */ = {isa = PBXFileReference; fileEncoding = 4; lastKnownFileType = sourcecode.c.h; path = SqlTransport.h; sourceTree = "<group>"; };
		F767143812201D96004C816B /* SqlTransport.m */ = {isa = PBXFileReference; fileEncoding = 4; lastKnownFileType = sourcecode.c.objc; path = SqlTransport.m; sourceTree = "<group>"; };
		F767143A12201DC4004C816B /* ConfigurationStore.h */ = {isa = PBXFileReference; fileEncoding = 4; lastKnownFileType = sourcecode.c.h; path = ConfigurationStore.h; sourceTree = "<group>"; };
		F767143B12201DC4004C816B /* ConfigurationStore.m */ = {isa = PBXFileReference; fileEncoding = 4; lastKnownFileType = sourcecode.c.objc; path = ConfigurationStore.m; sourceTree = "<group>"; };
		F7E2D07C121AE3F6006AA06C /* TestContainer.h */ = {isa = PBXFileReference; fileEncoding = 4; lastKnownFileType = sourcecode.c.h; path = TestContainer.h; sourceTree = "<group>"; };
		F7E2D07D121AE3F6006AA06C /* TestContainer.m */ = {isa = PBXFileReference; fileEncoding = 4; lastKnownFileType = sourcecode.c.objc; lineEnding = 0; path = TestContainer.m; sourceTree = "<group>"; };
		F7E2D08F121AE53A006AA06C /* Unit tests.octest */ = {isa = PBXFileReference; explicitFileType = wrapper.cfbundle; includeInIndex = 0; path = "Unit tests.octest"; sourceTree = BUILT_PRODUCTS_DIR; };
		F7E2D090121AE53A006AA06C /* Unit tests-Info.plist */ = {isa = PBXFileReference; lastKnownFileType = text.plist.xml; path = "Unit tests-Info.plist"; sourceTree = "<group>"; };
		F7E2D09D121AF5F5006AA06C /* RLContainer.h */ = {isa = PBXFileReference; fileEncoding = 4; lastKnownFileType = sourcecode.c.h; path = RLContainer.h; sourceTree = "<group>"; };
		F7E2D09E121AF5F5006AA06C /* RLContainer.m */ = {isa = PBXFileReference; fileEncoding = 4; lastKnownFileType = sourcecode.c.objc; lineEnding = 0; path = RLContainer.m; sourceTree = "<group>"; };
		F7E2D0AA121AF69A006AA06C /* TestServiceDescription.h */ = {isa = PBXFileReference; fileEncoding = 4; lastKnownFileType = sourcecode.c.h; path = TestServiceDescription.h; sourceTree = "<group>"; };
		F7E2D0AB121AF69A006AA06C /* TestServiceDescription.m */ = {isa = PBXFileReference; fileEncoding = 4; lastKnownFileType = sourcecode.c.objc; path = TestServiceDescription.m; sourceTree = "<group>"; };
		F7E2D0D0121AF893006AA06C /* RLServiceDescription.h */ = {isa = PBXFileReference; fileEncoding = 4; lastKnownFileType = sourcecode.c.h; path = RLServiceDescription.h; sourceTree = "<group>"; };
		F7E2D0D1121AF893006AA06C /* RLServiceDescription.m */ = {isa = PBXFileReference; fileEncoding = 4; lastKnownFileType = sourcecode.c.objc; path = RLServiceDescription.m; sourceTree = "<group>"; };
		F7E2D31C121B243E006AA06C /* TestProtocol.h */ = {isa = PBXFileReference; fileEncoding = 4; lastKnownFileType = sourcecode.c.h; path = TestProtocol.h; sourceTree = "<group>"; };
		F7E2D357121B2FDF006AA06C /* TestProvider.h */ = {isa = PBXFileReference; fileEncoding = 4; lastKnownFileType = sourcecode.c.h; path = TestProvider.h; sourceTree = "<group>"; };
		F7E2D358121B2FDF006AA06C /* TestProvider.m */ = {isa = PBXFileReference; fileEncoding = 4; lastKnownFileType = sourcecode.c.objc; path = TestProvider.m; sourceTree = "<group>"; };
		F7E2D367121B311C006AA06C /* RLServiceProvider.h */ = {isa = PBXFileReference; fileEncoding = 4; lastKnownFileType = sourcecode.c.h; lineEnding = 0; path = RLServiceProvider.h; sourceTree = "<group>"; };
		F7E2D368121B311C006AA06C /* RLServiceProvider.m */ = {isa = PBXFileReference; fileEncoding = 4; lastKnownFileType = sourcecode.c.objc; lineEnding = 0; path = RLServiceProvider.m; sourceTree = "<group>"; };
		F7E2D3D6121B4133006AA06C /* TestServiceProvider.h */ = {isa = PBXFileReference; fileEncoding = 4; lastKnownFileType = sourcecode.c.h; lineEnding = 0; path = TestServiceProvider.h; sourceTree = "<group>"; };
		F7E2D3D7121B4133006AA06C /* TestServiceProvider.m */ = {isa = PBXFileReference; fileEncoding = 4; lastKnownFileType = sourcecode.c.objc; path = TestServiceProvider.m; sourceTree = "<group>"; };
		F7E2D3E4121B44DA006AA06C /* LICENSE */ = {isa = PBXFileReference; fileEncoding = 4; lastKnownFileType = text; path = LICENSE; sourceTree = "<group>"; };
		F7F55B1C12213952008CF5CA /* OCMock.framework */ = {isa = PBXFileReference; lastKnownFileType = wrapper.framework; name = OCMock.framework; path = /Library/Frameworks/OCMock.framework; sourceTree = "<absolute>"; };
/* End PBXFileReference section */

/* Begin PBXFrameworksBuildPhase section */
		8DC2EF560486A6940098B216 /* Frameworks */ = {
			isa = PBXFrameworksBuildPhase;
			buildActionMask = 2147483647;
			files = (
				8DC2EF570486A6940098B216 /* Cocoa.framework in Frameworks */,
			);
			runOnlyForDeploymentPostprocessing = 0;
		};
		F7E2D08C121AE53A006AA06C /* Frameworks */ = {
			isa = PBXFrameworksBuildPhase;
			buildActionMask = 2147483647;
			files = (
				F7F55B1D12213952008CF5CA /* OCMock.framework in Frameworks */,
			);
			runOnlyForDeploymentPostprocessing = 0;
		};
/* End PBXFrameworksBuildPhase section */

/* Begin PBXGroup section */
		034768DFFF38A50411DB9C8B /* Products */ = {
			isa = PBXGroup;
			children = (
				8DC2EF5B0486A6940098B216 /* Reliance.framework */,
				F7E2D08F121AE53A006AA06C /* Unit tests.octest */,
			);
			name = Products;
			sourceTree = "<group>";
		};
		0867D691FE84028FC02AAC07 /* Reliance */ = {
			isa = PBXGroup;
			children = (
				F767147412202515004C816B /* Tests */,
				08FB77AEFE84172EC02AAC07 /* Classes */,
				32C88DFF0371C24200C91783 /* Other Sources */,
				089C1665FE841158C02AAC07 /* Resources */,
				0867D69AFE84028FC02AAC07 /* External Frameworks and Libraries */,
				034768DFFF38A50411DB9C8B /* Products */,
				F7E2D090121AE53A006AA06C /* Unit tests-Info.plist */,
				F7E2D3E4121B44DA006AA06C /* LICENSE */,
			);
			name = Reliance;
			sourceTree = "<group>";
		};
		0867D69AFE84028FC02AAC07 /* External Frameworks and Libraries */ = {
			isa = PBXGroup;
			children = (
				1058C7B0FEA5585E11CA2CBB /* Linked Frameworks */,
				1058C7B2FEA5585E11CA2CBB /* Other Frameworks */,
			);
			name = "External Frameworks and Libraries";
			sourceTree = "<group>";
		};
		089C1665FE841158C02AAC07 /* Resources */ = {
			isa = PBXGroup;
			children = (
				8DC2EF5A0486A6940098B216 /* Info.plist */,
				089C1666FE841158C02AAC07 /* InfoPlist.strings */,
			);
			name = Resources;
			sourceTree = "<group>";
		};
		08FB77AEFE84172EC02AAC07 /* Classes */ = {
			isa = PBXGroup;
			children = (
				F7E2D09D121AF5F5006AA06C /* RLContainer.h */,
				F7E2D09E121AF5F5006AA06C /* RLContainer.m */,
				F7E2D0D0121AF893006AA06C /* RLServiceDescription.h */,
				F7E2D0D1121AF893006AA06C /* RLServiceDescription.m */,
				F7E2D367121B311C006AA06C /* RLServiceProvider.h */,
				F7E2D368121B311C006AA06C /* RLServiceProvider.m */,
				F76365F112206FE600DB6ADC /* RLServiceParser.h */,
				F76365F212206FE600DB6ADC /* RLServiceParser.m */,
			);
			path = Classes;
			sourceTree = "<group>";
		};
		1058C7B0FEA5585E11CA2CBB /* Linked Frameworks */ = {
			isa = PBXGroup;
			children = (
				1058C7B1FEA5585E11CA2CBB /* Cocoa.framework */,
			);
			name = "Linked Frameworks";
			sourceTree = "<group>";
		};
		1058C7B2FEA5585E11CA2CBB /* Other Frameworks */ = {
			isa = PBXGroup;
			children = (
				F7F55B1C12213952008CF5CA /* OCMock.framework */,
				0867D6A5FE840307C02AAC07 /* AppKit.framework */,
				D2F7E79907B2D74100F64583 /* CoreData.framework */,
				0867D69BFE84028FC02AAC07 /* Foundation.framework */,
			);
			name = "Other Frameworks";
			sourceTree = "<group>";
		};
		32C88DFF0371C24200C91783 /* Other Sources */ = {
			isa = PBXGroup;
			children = (
				F767141A12201B56004C816B /* Reliance.h */,
				32DBCF5E0370ADEE00C91783 /* Reliance_Prefix.pch */,
			);
			name = "Other Sources";
			sourceTree = "<group>";
		};
		F76713FF12201A7F004C816B /* Integration tests */ = {
			isa = PBXGroup;
			children = (
				F767142D12201C8C004C816B /* Test resources */,
				F767140512201AC6004C816B /* IntegrationTest.h */,
				F767140612201AC6004C816B /* IntegrationTest.m */,
			);
			name = "Integration tests";
			path = "../Integration tests";
			sourceTree = "<group>";
		};
		F767142D12201C8C004C816B /* Test resources */ = {
			isa = PBXGroup;
			children = (
				F767143112201D35004C816B /* PlaceFinder.h */,
				F767143212201D35004C816B /* PlaceFinder.m */,
				F767143412201D85004C816B /* DataContext.h */,
				F767143512201D85004C816B /* DataContext.m */,
				F767143712201D96004C816B /* SqlTransport.h */,
				F767143812201D96004C816B /* SqlTransport.m */,
				F767143A12201DC4004C816B /* ConfigurationStore.h */,
				F767143B12201DC4004C816B /* ConfigurationStore.m */,
			);
			path = "Test resources";
			sourceTree = "<group>";
		};
		F767147412202515004C816B /* Tests */ = {
			isa = PBXGroup;
			children = (
				F76713FF12201A7F004C816B /* Integration tests */,
				F7E2D081121AE3FE006AA06C /* Unit tests */,
			);
			path = Tests;
			sourceTree = "<group>";
		};
		F7E2D081121AE3FE006AA06C /* Unit tests */ = {
			isa = PBXGroup;
			children = (
				F7E2D35A121B2FF0006AA06C /* Test resources */,
				F7E2D0AA121AF69A006AA06C /* TestServiceDescription.h */,
				F7E2D0AB121AF69A006AA06C /* TestServiceDescription.m */,
				F7E2D07C121AE3F6006AA06C /* TestContainer.h */,
				F7E2D07D121AE3F6006AA06C /* TestContainer.m */,
				F7E2D3D6121B4133006AA06C /* TestServiceProvider.h */,
				F7E2D3D7121B4133006AA06C /* TestServiceProvider.m */,
				F76365EB12206E2200DB6ADC /* TestServiceParser.m */,
			);
			name = "Unit tests";
			path = "../Unit tests";
			sourceTree = "<group>";
		};
		F7E2D35A121B2FF0006AA06C /* Test resources */ = {
			isa = PBXGroup;
			children = (
				F7E2D357121B2FDF006AA06C /* TestProvider.h */,
				F7E2D358121B2FDF006AA06C /* TestProvider.m */,
				F7E2D31C121B243E006AA06C /* TestProtocol.h */,
				F76365E612206DCC00DB6ADC /* TestContainerDescription.plist */,
			);
			path = "Test resources";
			sourceTree = "<group>";
		};
/* End PBXGroup section */

/* Begin PBXHeadersBuildPhase section */
		8DC2EF500486A6940098B216 /* Headers */ = {
			isa = PBXHeadersBuildPhase;
			buildActionMask = 2147483647;
			files = (
				F7E2D09F121AF5F5006AA06C /* RLContainer.h in Headers */,
				F7E2D0D3121AF893006AA06C /* RLServiceDescription.h in Headers */,
				F7E2D36A121B311C006AA06C /* RLServiceProvider.h in Headers */,
				F767141B12201B56004C816B /* Reliance.h in Headers */,
				F76365F412206FE600DB6ADC /* RLServiceParser.h in Headers */,
			);
			runOnlyForDeploymentPostprocessing = 0;
		};
/* End PBXHeadersBuildPhase section */

/* Begin PBXNativeTarget section */
		8DC2EF4F0486A6940098B216 /* Reliance */ = {
			isa = PBXNativeTarget;
			buildConfigurationList = 1DEB91AD08733DA50010E9CD /* Build configuration list for PBXNativeTarget "Reliance" */;
			buildPhases = (
				8DC2EF500486A6940098B216 /* Headers */,
				8DC2EF520486A6940098B216 /* Resources */,
				8DC2EF540486A6940098B216 /* Sources */,
				8DC2EF560486A6940098B216 /* Frameworks */,
			);
			buildRules = (
			);
			dependencies = (
			);
			name = Reliance;
			productInstallPath = "$(HOME)/Library/Frameworks";
			productName = Reliance;
			productReference = 8DC2EF5B0486A6940098B216 /* Reliance.framework */;
			productType = "com.apple.product-type.framework";
		};
		F7E2D08E121AE53A006AA06C /* Tests */ = {
			isa = PBXNativeTarget;
			buildConfigurationList = F7E2D093121AE53A006AA06C /* Build configuration list for PBXNativeTarget "Tests" */;
			buildPhases = (
				F7E2D08A121AE53A006AA06C /* Resources */,
				F7E2D08B121AE53A006AA06C /* Sources */,
				F7E2D08C121AE53A006AA06C /* Frameworks */,
				F7E2D08D121AE53A006AA06C /* ShellScript */,
			);
			buildRules = (
			);
			dependencies = (
			);
			name = Tests;
			productName = "Unit tests";
			productReference = F7E2D08F121AE53A006AA06C /* Unit tests.octest */;
			productType = "com.apple.product-type.bundle";
		};
/* End PBXNativeTarget section */

/* Begin PBXProject section */
		0867D690FE84028FC02AAC07 /* Project object */ = {
			isa = PBXProject;
			attributes = {
				ORGANIZATIONNAME = "Smiling Plants HB";
			};
			buildConfigurationList = 1DEB91B108733DA50010E9CD /* Build configuration list for PBXProject "Reliance" */;
			compatibilityVersion = "Xcode 3.1";
			developmentRegion = English;
			hasScannedForEncodings = 1;
			knownRegions = (
				en,
			);
			mainGroup = 0867D691FE84028FC02AAC07 /* Reliance */;
			productRefGroup = 034768DFFF38A50411DB9C8B /* Products */;
			projectDirPath = "";
			projectRoot = "";
			targets = (
				8DC2EF4F0486A6940098B216 /* Reliance */,
				F7E2D08E121AE53A006AA06C /* Tests */,
			);
		};
/* End PBXProject section */

/* Begin PBXResourcesBuildPhase section */
		8DC2EF520486A6940098B216 /* Resources */ = {
			isa = PBXResourcesBuildPhase;
			buildActionMask = 2147483647;
			files = (
				8DC2EF530486A6940098B216 /* InfoPlist.strings in Resources */,
			);
			runOnlyForDeploymentPostprocessing = 0;
		};
		F7E2D08A121AE53A006AA06C /* Resources */ = {
			isa = PBXResourcesBuildPhase;
			buildActionMask = 2147483647;
			files = (
				F76365E712206DCC00DB6ADC /* TestContainerDescription.plist in Resources */,
			);
			runOnlyForDeploymentPostprocessing = 0;
		};
/* End PBXResourcesBuildPhase section */

/* Begin PBXShellScriptBuildPhase section */
		F7E2D08D121AE53A006AA06C /* ShellScript */ = {
			isa = PBXShellScriptBuildPhase;
			buildActionMask = 2147483647;
			files = (
			);
			inputPaths = (
			);
			outputPaths = (
			);
			runOnlyForDeploymentPostprocessing = 0;
			shellPath = /bin/sh;
			shellScript = "# Run the unit tests in this test bundle.\n\"${SYSTEM_DEVELOPER_DIR}/Tools/RunUnitTests\"\n";
		};
/* End PBXShellScriptBuildPhase section */

/* Begin PBXSourcesBuildPhase section */
		8DC2EF540486A6940098B216 /* Sources */ = {
			isa = PBXSourcesBuildPhase;
			buildActionMask = 2147483647;
			files = (
				F7E2D0A0121AF5F5006AA06C /* RLContainer.m in Sources */,
				F7E2D0D4121AF893006AA06C /* RLServiceDescription.m in Sources */,
				F7E2D36B121B311C006AA06C /* RLServiceProvider.m in Sources */,
				F76365F512206FE600DB6ADC /* RLServiceParser.m in Sources */,
			);
			runOnlyForDeploymentPostprocessing = 0;
		};
		F7E2D08B121AE53A006AA06C /* Sources */ = {
			isa = PBXSourcesBuildPhase;
			buildActionMask = 2147483647;
			files = (
				F7E2D094121AE549006AA06C /* TestContainer.m in Sources */,
				F7E2D0A5121AF656006AA06C /* RLContainer.m in Sources */,
				F7E2D0AC121AF69A006AA06C /* TestServiceDescription.m in Sources */,
				F7E2D0D2121AF893006AA06C /* RLServiceDescription.m in Sources */,
				F7E2D359121B2FDF006AA06C /* TestProvider.m in Sources */,
				F7E2D369121B311C006AA06C /* RLServiceProvider.m in Sources */,
				F7E2D3D8121B4133006AA06C /* TestServiceProvider.m in Sources */,
				F767140712201AC6004C816B /* IntegrationTest.m in Sources */,
				F767143312201D35004C816B /* PlaceFinder.m in Sources */,
				F767143612201D85004C816B /* DataContext.m in Sources */,
				F767143912201D96004C816B /* SqlTransport.m in Sources */,
				F767143C12201DC4004C816B /* ConfigurationStore.m in Sources */,
				F76365EC12206E2200DB6ADC /* TestServiceParser.m in Sources */,
				F76365F312206FE600DB6ADC /* RLServiceParser.m in Sources */,
			);
			runOnlyForDeploymentPostprocessing = 0;
		};
/* End PBXSourcesBuildPhase section */

/* Begin PBXVariantGroup section */
		089C1666FE841158C02AAC07 /* InfoPlist.strings */ = {
			isa = PBXVariantGroup;
			children = (
				089C1667FE841158C02AAC07 /* English */,
			);
			name = InfoPlist.strings;
			sourceTree = "<group>";
		};
/* End PBXVariantGroup section */

/* Begin XCBuildConfiguration section */
		1DEB91AE08733DA50010E9CD /* Debug */ = {
			isa = XCBuildConfiguration;
			buildSettings = {
				ALWAYS_SEARCH_USER_PATHS = NO;
				COPY_PHASE_STRIP = NO;
				DYLIB_COMPATIBILITY_VERSION = 1;
				DYLIB_CURRENT_VERSION = 1;
				FRAMEWORK_VERSION = A;
				GCC_DYNAMIC_NO_PIC = NO;
				GCC_ENABLE_FIX_AND_CONTINUE = YES;
				GCC_MODEL_TUNING = G5;
				GCC_OPTIMIZATION_LEVEL = 0;
				GCC_PRECOMPILE_PREFIX_HEADER = YES;
				GCC_PREFIX_HEADER = Reliance_Prefix.pch;
				INFOPLIST_FILE = Info.plist;
				INSTALL_PATH = "$(HOME)/Library/Frameworks";
				PRODUCT_NAME = Reliance;
				WRAPPER_EXTENSION = framework;
			};
			name = Debug;
		};
		1DEB91AF08733DA50010E9CD /* Release */ = {
			isa = XCBuildConfiguration;
			buildSettings = {
				ALWAYS_SEARCH_USER_PATHS = NO;
				DEBUG_INFORMATION_FORMAT = "dwarf-with-dsym";
				DYLIB_COMPATIBILITY_VERSION = 1;
				DYLIB_CURRENT_VERSION = 1;
				FRAMEWORK_VERSION = A;
				GCC_MODEL_TUNING = G5;
				GCC_PRECOMPILE_PREFIX_HEADER = YES;
				GCC_PREFIX_HEADER = Reliance_Prefix.pch;
				INFOPLIST_FILE = Info.plist;
				INSTALL_PATH = "$(HOME)/Library/Frameworks";
				PRODUCT_NAME = Reliance;
				WRAPPER_EXTENSION = framework;
			};
			name = Release;
		};
		1DEB91B208733DA50010E9CD /* Debug */ = {
			isa = XCBuildConfiguration;
			buildSettings = {
				ARCHS = "$(ARCHS_STANDARD_32_64_BIT)";
				GCC_C_LANGUAGE_STANDARD = gnu99;
				GCC_OPTIMIZATION_LEVEL = 0;
				GCC_WARN_ABOUT_RETURN_TYPE = YES;
				GCC_WARN_UNUSED_VARIABLE = YES;
				ONLY_ACTIVE_ARCH = YES;
				PREBINDING = NO;
				SDKROOT = macosx10.6;
			};
			name = Debug;
		};
		1DEB91B308733DA50010E9CD /* Release */ = {
			isa = XCBuildConfiguration;
			buildSettings = {
				ARCHS = "$(ARCHS_STANDARD_32_64_BIT)";
				GCC_C_LANGUAGE_STANDARD = gnu99;
				GCC_WARN_ABOUT_RETURN_TYPE = YES;
				GCC_WARN_UNUSED_VARIABLE = YES;
				PREBINDING = NO;
				SDKROOT = macosx10.6;
			};
			name = Release;
		};
		F7E2D091121AE53A006AA06C /* Debug */ = {
			isa = XCBuildConfiguration;
			buildSettings = {
				ALWAYS_SEARCH_USER_PATHS = YES;
				ARCHS = "$(ARCHS_STANDARD_64_BIT)";
				BUNDLE_LOADER = "";
				COPY_PHASE_STRIP = NO;
				FRAMEWORK_SEARCH_PATHS = (
					"$(DEVELOPER_LIBRARY_DIR)/Frameworks",
					"\"$(SRCROOT)\"",
				);
				GCC_DYNAMIC_NO_PIC = NO;
				GCC_ENABLE_FIX_AND_CONTINUE = NO;
				GCC_ENABLE_OBJC_EXCEPTIONS = YES;
				GCC_MODEL_TUNING = G5;
				GCC_OPTIMIZATION_LEVEL = 0;
				GCC_PRECOMPILE_PREFIX_HEADER = YES;
				GCC_PREFIX_HEADER = "$(SYSTEM_LIBRARY_DIR)/Frameworks/Cocoa.framework/Headers/Cocoa.h";
				INFOPLIST_FILE = "Unit tests-Info.plist";
				INSTALL_PATH = "$(USER_LIBRARY_DIR)/Bundles";
				OTHER_LDFLAGS = (
					"-framework",
					Cocoa,
					"-framework",
					SenTestingKit,
					"-framework",
					OCMock,
				);
				PREBINDING = NO;
				PRODUCT_NAME = "Unit tests";
				RUN_CLANG_STATIC_ANALYZER = YES;
				WRAPPER_EXTENSION = octest;
			};
			name = Debug;
		};
		F7E2D092121AE53A006AA06C /* Release */ = {
			isa = XCBuildConfiguration;
			buildSettings = {
				ALWAYS_SEARCH_USER_PATHS = YES;
				ARCHS = "$(ARCHS_STANDARD_64_BIT)";
				BUNDLE_LOADER = "";
				COPY_PHASE_STRIP = YES;
				DEBUG_INFORMATION_FORMAT = "dwarf-with-dsym";
				FRAMEWORK_SEARCH_PATHS = (
					"$(DEVELOPER_LIBRARY_DIR)/Frameworks",
					"\"$(SRCROOT)\"",
				);
				GCC_ENABLE_FIX_AND_CONTINUE = NO;
				GCC_ENABLE_OBJC_EXCEPTIONS = YES;
				GCC_MODEL_TUNING = G5;
				GCC_PRECOMPILE_PREFIX_HEADER = YES;
				GCC_PREFIX_HEADER = "$(SYSTEM_LIBRARY_DIR)/Frameworks/Cocoa.framework/Headers/Cocoa.h";
				INFOPLIST_FILE = "Unit tests-Info.plist";
				INSTALL_PATH = "$(USER_LIBRARY_DIR)/Bundles";
				OTHER_LDFLAGS = (
					"-framework",
					Cocoa,
					"-framework",
					SenTestingKit,
					"-framework",
					OCMock,
				);
				PREBINDING = NO;
				PRODUCT_NAME = "Unit tests";
				RUN_CLANG_STATIC_ANALYZER = YES;
				WRAPPER_EXTENSION = octest;
				ZERO_LINK = NO;
			};
			name = Release;
		};
/* End XCBuildConfiguration section */

/* Begin XCConfigurationList section */
		1DEB91AD08733DA50010E9CD /* Build configuration list for PBXNativeTarget "Reliance" */ = {
			isa = XCConfigurationList;
			buildConfigurations = (
				1DEB91AE08733DA50010E9CD /* Debug */,
				1DEB91AF08733DA50010E9CD /* Release */,
			);
			defaultConfigurationIsVisible = 0;
			defaultConfigurationName = Release;
		};
		1DEB91B108733DA50010E9CD /* Build configuration list for PBXProject "Reliance" */ = {
			isa = XCConfigurationList;
			buildConfigurations = (
				1DEB91B208733DA50010E9CD /* Debug */,
				1DEB91B308733DA50010E9CD /* Release */,
			);
			defaultConfigurationIsVisible = 0;
			defaultConfigurationName = Release;
		};
		F7E2D093121AE53A006AA06C /* Build configuration list for PBXNativeTarget "Tests" */ = {
			isa = XCConfigurationList;
			buildConfigurations = (
				F7E2D091121AE53A006AA06C /* Debug */,
				F7E2D092121AE53A006AA06C /* Release */,
			);
			defaultConfigurationIsVisible = 0;
			defaultConfigurationName = Release;
		};
/* End XCConfigurationList section */
	};
	rootObject = 0867D690FE84028FC02AAC07 /* Project object */;
}
